
Microsoft Visual Studio Solution File, Format Version 12.00
# Visual Studio Version 17
VisualStudioVersion = 17.5.33502.453
MinimumVisualStudioVersion = 10.0.40219.1
Project("{FAE04EC0-301F-11D3-BF4B-00C04F79EFBC}") = "Calculadora", "Calculadora\Calculadora.csproj", "{AD52E0C1-A829-43B9-85BB-EB77883BEC7B}"
EndProject
Global
	GlobalSection(SolutionConfigurationPlatforms) = preSolution
		Debug|Any CPU = Debug|Any CPU
		Release|Any CPU = Release|Any CPU
	EndGlobalSection
	GlobalSection(ProjectConfigurationPlatforms) = postSolution
		{AD52E0C1-A829-43B9-85BB-EB77883BEC7B}.Debug|Any CPU.ActiveCfg = Debug|Any CPU
		{AD52E0C1-A829-43B9-85BB-EB77883BEC7B}.Debug|Any CPU.Build.0 = Debug|Any CPU
		{AD52E0C1-A829-43B9-85BB-EB77883BEC7B}.Release|Any CPU.ActiveCfg = Release|Any CPU
		{AD52E0C1-A829-43B9-85BB-EB77883BEC7B}.Release|Any CPU.Build.0 = Release|Any CPU
	EndGlobalSection
	GlobalSection(SolutionProperties) = preSolution
		HideSolutionNode = FALSE
	EndGlobalSection
	GlobalSection(ExtensibilityGlobals) = postSolution
		SolutionGuid = {487C75C7-AC95-4EE5-A814-10BC9DE9EAF5}
	EndGlobalSection
EndGlobal
